// !$*UTF8*$!
{
	archiveVersion = 1;
	classes = {
	};
	objectVersion = 77;
	objects = {

/* Begin PBXGroup section */
		C1201AB62E0BB058002CB7AB = {
			isa = PBXGroup;
			children = (
			);
			sourceTree = "<group>";
		};
/* End PBXGroup section */

/* Begin PBXProject section */
		C1201AB72E0BB058002CB7AB /* Project object */ = {
			isa = PBXProject;
			attributes = {
				BuildIndependentTargetsInParallel = 1;
				LastUpgradeCheck = 1640;
			};
			buildConfigurationList = C1201ABA2E0BB058002CB7AB /* Build configuration list for PBXProject "DiscordTranslationBot" */;
			developmentRegion = en;
			hasScannedForEncodings = 0;
			knownRegions = (
				en,
				Base,
			);
			mainGroup = C1201AB62E0BB058002CB7AB;
			minimizedProjectReferenceProxies = 1;
			preferredProjectObjectVersion = 77;
			projectDirPath = "";
			projectRoot = "";
			targets = (
			);
		};
/* End PBXProject section */

/* Begin XCBuildConfiguration section */
		C1201ABB2E0BB058002CB7AB /* Debug */ = {
			isa = XCBuildConfiguration;
			buildSettings = {
				DEVELOPMENT_TEAM = 53X467AXTJ;
			};
			name = Debug;
		};
		C1201ABC2E0BB058002CB7AB /* Release */ = {
			isa = XCBuildConfiguration;
			buildSettings = {
				DEVELOPMENT_TEAM = 53X467AXTJ;
			};
			name = Release;
		};
/* End XCBuildConfiguration section */

/* Begin XCConfigurationList section */
		C1201ABA2E0BB058002CB7AB /* Build configuration list for PBXProject "DiscordTranslationBot" */ = {
			isa = XCConfigurationList;
			buildConfigurations = (
				C1201ABB2E0BB058002CB7AB /* Debug */,
				C1201ABC2E0BB058002CB7AB /* Release */,
			);
			defaultConfigurationIsVisible = 0;
			defaultConfigurationName = Release;
		};
/* End XCConfigurationList section */
	};
	rootObject = C1201AB72E0BB058002CB7AB /* Project object */;
}
